<?xml version="1.0" encoding="utf-8"?>
<Project ToolsVersion="4.0" xmlns="http://schemas.microsoft.com/developer/msbuild/2003">
  <ItemGroup>
    <Filter Include="Source Files">
      <UniqueIdentifier>{4FC737F1-C7A5-4376-A066-2A32D752A2FF}</UniqueIdentifier>
      <Extensions>cpp;c;cc;cxx;c++;cppm;ixx;def;odl;idl;hpj;bat;asm;asmx</Extensions>
    </Filter>
    <Filter Include="Header Files">
      <UniqueIdentifier>{93995380-89BD-4b04-88EB-625FBE52EBFB}</UniqueIdentifier>
      <Extensions>h;hh;hpp;hxx;h++;hm;inl;inc;ipp;xsd</Extensions>
    </Filter>
    <Filter Include="Resource Files">
      <UniqueIdentifier>{67DA6AB6-F800-4c08-8B7A-83BB121AAD01}</UniqueIdentifier>
      <Extensions>rc;ico;cur;bmp;dlg;rc2;rct;bin;rgs;gif;jpg;jpeg;jpe;resx;tiff;tif;png;wav;mfcribbon-ms</Extensions>
    </Filter>
  </ItemGroup>
  <ItemGroup>
    <ClCompile Include="app\main.cpp">
      <Filter>Source Files</Filter>
    </ClCompile>
    <ClCompile Include="app\src\Window.cpp">
      <Filter>Source Files</Filter>
    </ClCompile>
    <ClCompile Include="app\src\Application.cpp">
      <Filter>Source Files</Filter>
    </ClCompile>
    <ClCompile Include="app\src\Renderer\Renderer.cpp">
      <Filter>Source Files</Filter>
    </ClCompile>
    <ClCompile Include="app\src\Renderer\Pipeline\VertexBuffer.cpp">
      <Filter>Source Files</Filter>
    </ClCompile>
    <ClCompile Include="app\src\Renderer\Pipeline\IndexBuffer.cpp">
      <Filter>Source Files</Filter>
    </ClCompile>
    <ClCompile Include="app\src\Renderer\Pipeline\ConstantBuffer.cpp">
      <Filter>Source Files</Filter>
    </ClCompile>
    <ClCompile Include="app\src\Renderer\Primitives\Primitives.cpp">
      <Filter>Source Files</Filter>
    </ClCompile>
    <ClCompile Include="app\src\Renderer\Mesh.cpp">
      <Filter>Source Files</Filter>
    </ClCompile>
    <ClCompile Include="app\src\Renderer\Pipeline\PixelShader.cpp">
      <Filter>Source Files</Filter>
    </ClCompile>
    <ClCompile Include="app\src\Renderer\Pipeline\VertexShader.cpp">
      <Filter>Source Files</Filter>
    </ClCompile>
    <ClCompile Include="app\src\Renderer\Pipeline\InputLayout.cpp">
      <Filter>Source Files</Filter>
    </ClCompile>
    <ClCompile Include="app\src\Renderer\Pipeline\IBindable.cpp">
      <Filter>Source Files</Filter>
    </ClCompile>
    <ClCompile Include="app\src\Math\Transform.cpp">
      <Filter>Source Files</Filter>
    </ClCompile>
    <ClCompile Include="app\src\Renderer\Camera.cpp">
      <Filter>Source Files</Filter>
    </ClCompile>
  </ItemGroup>
  <ItemGroup>
    <ClInclude Include="app\include\Core\Window.h">
      <Filter>Header Files</Filter>
    </ClInclude>
    <ClInclude Include="app\include\Core\Application.h">
      <Filter>Header Files</Filter>
    </ClInclude>
    <ClInclude Include="app\include\Core\Event.h">
      <Filter>Header Files</Filter>
    </ClInclude>
    <ClInclude Include="app\include\Input\Input.h">
      <Filter>Header Files</Filter>
    </ClInclude>
    <ClInclude Include="app\include\Renderer\Renderer.h">
      <Filter>Header Files</Filter>
    </ClInclude>
    <ClInclude Include="app\include\Renderer\IRendereable.h">
      <Filter>Header Files</Filter>
    </ClInclude>
    <ClInclude Include="app\include\Renderer\Vertex.h">
      <Filter>Header Files</Filter>
    </ClInclude>
    <ClInclude Include="app\include\Renderer\Pipeline\IBindable.h">
      <Filter>Header Files</Filter>
    </ClInclude>
    <ClInclude Include="app\include\Renderer\Pipeline\VertexBuffer.h">
      <Filter>Header Files</Filter>
    </ClInclude>
    <ClInclude Include="app\include\Renderer\Pipeline\IndexBuffer.h">
      <Filter>Header Files</Filter>
    </ClInclude>
    <ClInclude Include="app\include\Renderer\Pipeline\ConstantBuffer.h">
      <Filter>Header Files</Filter>
    </ClInclude>
    <ClInclude Include="app\include\Renderer\Primitives\Primitive.h">
      <Filter>Header Files</Filter>
    </ClInclude>
    <ClInclude Include="app\include\Renderer\Mesh.h">
      <Filter>Header Files</Filter>
    </ClInclude>
    <ClInclude Include="app\include\Renderer\Pipeline\PixelShader.h">
      <Filter>Header Files</Filter>
    </ClInclude>
    <ClInclude Include="app\include\Renderer\Pipeline\VertexShader.h">
      <Filter>Header Files</Filter>
    </ClInclude>
    <ClInclude Include="app\include\Renderer\Pipeline\InputLayout.h">
      <Filter>Header Files</Filter>
    </ClInclude>
    <ClInclude Include="app\include\Renderer\Camera.h">
      <Filter>Header Files</Filter>
    </ClInclude>
    <ClInclude Include="app\include\Math\Transform.h">
      <Filter>Header Files</Filter>
    </ClInclude>
    <ClInclude Include="app\include\Input\Keyboard.h">
      <Filter>Header Files</Filter>
    </ClInclude>
    <ClInclude Include="app\include\Renderer\Material.h">
      <Filter>Header Files</Filter>
    </ClInclude>
    <ClInclude Include="app\include\Renderer\Lighting.h">
      <Filter>Header Files</Filter>
    </ClInclude>
    <ClInclude Include="app\include\lib\TinyObj.h">
      <Filter>Header Files</Filter>
    </ClInclude>
    <ClInclude Include="app\include\ObjLoader.h">
      <Filter>Header Files</Filter>
    </ClInclude>
    <ClInclude Include="app\include\lib\STBImage.h">
      <Filter>Header Files</Filter>
    </ClInclude>
  </ItemGroup>
  <ItemGroup>
    <FxCompile Include="app\shaders\VertexShader.hlsl" />
    <FxCompile Include="app\shaders\LitPixelShader.hlsl" />
    <FxCompile Include="app\shaders\VSPerObject.hlsl" />
    <FxCompile Include="app\shaders\VSInstanced.hlsl" />
    <FxCompile Include="app\shaders\PSLitTexture.hlsl" />
  </ItemGroup>
</Project>